
Microsoft Visual Studio Solution File, Format Version 12.00
# Visual Studio Version 16
VisualStudioVersion = 16.0.31702.278
MinimumVisualStudioVersion = 10.0.40219.1
Project("{FAE04EC0-301F-11D3-BF4B-00C04F79EFBC}") = "ShopANMET", "ShopANMET\ShopANMET.csproj", "{C80D19D2-F42C-438C-A9AE-8804CA1A6BAA}"
EndProject
Project("{FAE04EC0-301F-11D3-BF4B-00C04F79EFBC}") = "ShopANMET.Data", "ShopANMET.Data\ShopANMET.Data.csproj", "{5E3BC27F-BE0C-4B09-939A-F8C87A3BE03E}"
EndProject
Global
	GlobalSection(SolutionConfigurationPlatforms) = preSolution
		Debug|Any CPU = Debug|Any CPU
		Release|Any CPU = Release|Any CPU
	EndGlobalSection
	GlobalSection(ProjectConfigurationPlatforms) = postSolution
		{C80D19D2-F42C-438C-A9AE-8804CA1A6BAA}.Debug|Any CPU.ActiveCfg = Debug|Any CPU
		{C80D19D2-F42C-438C-A9AE-8804CA1A6BAA}.Debug|Any CPU.Build.0 = Debug|Any CPU
		{C80D19D2-F42C-438C-A9AE-8804CA1A6BAA}.Release|Any CPU.ActiveCfg = Release|Any CPU
		{C80D19D2-F42C-438C-A9AE-8804CA1A6BAA}.Release|Any CPU.Build.0 = Release|Any CPU
		{5E3BC27F-BE0C-4B09-939A-F8C87A3BE03E}.Debug|Any CPU.ActiveCfg = Debug|Any CPU
		{5E3BC27F-BE0C-4B09-939A-F8C87A3BE03E}.Debug|Any CPU.Build.0 = Debug|Any CPU
		{5E3BC27F-BE0C-4B09-939A-F8C87A3BE03E}.Release|Any CPU.ActiveCfg = Release|Any CPU
		{5E3BC27F-BE0C-4B09-939A-F8C87A3BE03E}.Release|Any CPU.Build.0 = Release|Any CPU
	EndGlobalSection
	GlobalSection(SolutionProperties) = preSolution
		HideSolutionNode = FALSE
	EndGlobalSection
	GlobalSection(ExtensibilityGlobals) = postSolution
		SolutionGuid = {7AE2A597-A943-4D3C-AED3-F04CBEBB01BF}
	EndGlobalSection
EndGlobal
